
Microsoft Visual Studio Solution File, Format Version 12.00
# Visual Studio 15
VisualStudioVersion = 15.0.27004.2006
MinimumVisualStudioVersion = 10.0.40219.1
Project("{FAE04EC0-301F-11D3-BF4B-00C04F79EFBC}") = "WebApplicationIWS", "WebApplicationIWS\WebApplicationIWS.csproj", "{F3DFE255-7E4E-419A-9307-7BEC98FFFE9D}"
EndProject
Global
	GlobalSection(SolutionConfigurationPlatforms) = preSolution
		Debug|Any CPU = Debug|Any CPU
		Release|Any CPU = Release|Any CPU
	EndGlobalSection
	GlobalSection(ProjectConfigurationPlatforms) = postSolution
		{F3DFE255-7E4E-419A-9307-7BEC98FFFE9D}.Debug|Any CPU.ActiveCfg = Debug|Any CPU
		{F3DFE255-7E4E-419A-9307-7BEC98FFFE9D}.Debug|Any CPU.Build.0 = Debug|Any CPU
		{F3DFE255-7E4E-419A-9307-7BEC98FFFE9D}.Release|Any CPU.ActiveCfg = Release|Any CPU
		{F3DFE255-7E4E-419A-9307-7BEC98FFFE9D}.Release|Any CPU.Build.0 = Release|Any CPU
	EndGlobalSection
	GlobalSection(SolutionProperties) = preSolution
		HideSolutionNode = FALSE
	EndGlobalSection
	GlobalSection(ExtensibilityGlobals) = postSolution
		SolutionGuid = {AD634E2C-DCB9-4ACD-A630-A19A109356A4}
	EndGlobalSection
EndGlobal
